[ "continuum": {:git, "git://github.com/meh/continuum.git", "c19240908b876667a07fd44c0cec7befed713e2e", []},
  "datastructures": {:git, "git://github.com/meh/elixir-datastructures.git", "0b4c449f69f17c31d7bf280c910c774ed80802e1", []},
  "derp": {:git, "git://github.com/meh/derp.git", "d4ec0f6a03ffae2014592c325e549ae908991417", []},
  "exts": {:git, "git://github.com/meh/exts.git", "040adbb436622f7f00bee6d2b8c64645325b98e6", []},
  "finalizer": {:git, "git://github.com/meh/elixir-finalizer.git", "9c38d9145824a46c66f1a010e137a953a6c78e04", []},
  "reagent": {:git, "git://github.com/meh/reagent.git", "bc3e922bd57bfa6ffe1859ff10e34009a36e498c", []},
  "resource": {:git, "git://github.com/tonyrog/resource.git", "b9e1adcadcc8cb59130e0bbecbbe6777bb8d7c78", []},
  "socket": {:git, "git://github.com/meh/elixir-socket.git", "66a88f0b13b1aeaef32c8de5543074f36f51b3f7", []} ]
